
Microsoft Visual Studio Solution File, Format Version 12.00
# Visual Studio Version 16
VisualStudioVersion = 16.0.34031.81
MinimumVisualStudioVersion = 10.0.40219.1
Project("{8BC9CEB8-8B4A-11D0-8D11-00A0C91BC942}") = "HWMassiv2", "HWMassiv2\HWMassiv2.vcxproj", "{A5ADB079-D8AF-4F09-A4FC-247834080E76}"
EndProject
Global
	GlobalSection(SolutionConfigurationPlatforms) = preSolution
		Debug|x64 = Debug|x64
		Debug|x86 = Debug|x86
		Release|x64 = Release|x64
		Release|x86 = Release|x86
	EndGlobalSection
	GlobalSection(ProjectConfigurationPlatforms) = postSolution
		{A5ADB079-D8AF-4F09-A4FC-247834080E76}.Debug|x64.ActiveCfg = Debug|x64
		{A5ADB079-D8AF-4F09-A4FC-247834080E76}.Debug|x64.Build.0 = Debug|x64
		{A5ADB079-D8AF-4F09-A4FC-247834080E76}.Debug|x86.ActiveCfg = Debug|Win32
		{A5ADB079-D8AF-4F09-A4FC-247834080E76}.Debug|x86.Build.0 = Debug|Win32
		{A5ADB079-D8AF-4F09-A4FC-247834080E76}.Release|x64.ActiveCfg = Release|x64
		{A5ADB079-D8AF-4F09-A4FC-247834080E76}.Release|x64.Build.0 = Release|x64
		{A5ADB079-D8AF-4F09-A4FC-247834080E76}.Release|x86.ActiveCfg = Release|Win32
		{A5ADB079-D8AF-4F09-A4FC-247834080E76}.Release|x86.Build.0 = Release|Win32
	EndGlobalSection
	GlobalSection(SolutionProperties) = preSolution
		HideSolutionNode = FALSE
	EndGlobalSection
	GlobalSection(ExtensibilityGlobals) = postSolution
		SolutionGuid = {4E8073C9-6B77-47CD-ACB8-FF647FCC0A77}
	EndGlobalSection
EndGlobal
